
Microsoft Visual Studio Solution File, Format Version 12.00
# Visual Studio Version 16
VisualStudioVersion = 16.0.30907.101
MinimumVisualStudioVersion = 10.0.40219.1
Project("{FAE04EC0-301F-11D3-BF4B-00C04F79EFBC}") = "CarRentalApp", "CarRentalApp\CarRentalApp.csproj", "{5948A37D-F2F0-44A9-8572-4618F03248B9}"
EndProject
Global
	GlobalSection(SolutionConfigurationPlatforms) = preSolution
		Debug|Any CPU = Debug|Any CPU
		Release|Any CPU = Release|Any CPU
	EndGlobalSection
	GlobalSection(ProjectConfigurationPlatforms) = postSolution
		{5948A37D-F2F0-44A9-8572-4618F03248B9}.Debug|Any CPU.ActiveCfg = Debug|Any CPU
		{5948A37D-F2F0-44A9-8572-4618F03248B9}.Debug|Any CPU.Build.0 = Debug|Any CPU
		{5948A37D-F2F0-44A9-8572-4618F03248B9}.Release|Any CPU.ActiveCfg = Release|Any CPU
		{5948A37D-F2F0-44A9-8572-4618F03248B9}.Release|Any CPU.Build.0 = Release|Any CPU
	EndGlobalSection
	GlobalSection(SolutionProperties) = preSolution
		HideSolutionNode = FALSE
	EndGlobalSection
	GlobalSection(ExtensibilityGlobals) = postSolution
		SolutionGuid = {96146538-B3E5-4BDC-B94D-7C0B47095A35}
	EndGlobalSection
EndGlobal
